
Microsoft Visual Studio Solution File, Format Version 12.00
# Visual Studio Version 17
VisualStudioVersion = 17.5.002.0
MinimumVisualStudioVersion = 10.0.40219.1
Project("{9A19103F-16F7-4668-BE54-9A1E7A4F7556}") = "Exercicio 1", "Exercicio 1.csproj", "{3F328DBF-C16B-4A74-B817-9D3C6F188D57}"
EndProject
Global
	GlobalSection(SolutionConfigurationPlatforms) = preSolution
		Debug|Any CPU = Debug|Any CPU
		Release|Any CPU = Release|Any CPU
	EndGlobalSection
	GlobalSection(ProjectConfigurationPlatforms) = postSolution
		{3F328DBF-C16B-4A74-B817-9D3C6F188D57}.Debug|Any CPU.ActiveCfg = Debug|Any CPU
		{3F328DBF-C16B-4A74-B817-9D3C6F188D57}.Debug|Any CPU.Build.0 = Debug|Any CPU
		{3F328DBF-C16B-4A74-B817-9D3C6F188D57}.Release|Any CPU.ActiveCfg = Release|Any CPU
		{3F328DBF-C16B-4A74-B817-9D3C6F188D57}.Release|Any CPU.Build.0 = Release|Any CPU
	EndGlobalSection
	GlobalSection(SolutionProperties) = preSolution
		HideSolutionNode = FALSE
	EndGlobalSection
	GlobalSection(ExtensibilityGlobals) = postSolution
		SolutionGuid = {D5E7740D-BDDB-4301-8F80-E16FA698167C}
	EndGlobalSection
EndGlobal
