
Microsoft Visual Studio Solution File, Format Version 12.00
# Visual Studio Version 17
VisualStudioVersion = 17.5.002.0
MinimumVisualStudioVersion = 10.0.40219.1
Project("{9A19103F-16F7-4668-BE54-9A1E7A4F7556}") = "Exercicio 1", "Exercicio 1.csproj", "{6455B4FE-5565-4085-810B-57F87EC737E0}"
EndProject
Global
	GlobalSection(SolutionConfigurationPlatforms) = preSolution
		Debug|Any CPU = Debug|Any CPU
		Release|Any CPU = Release|Any CPU
	EndGlobalSection
	GlobalSection(ProjectConfigurationPlatforms) = postSolution
		{6455B4FE-5565-4085-810B-57F87EC737E0}.Debug|Any CPU.ActiveCfg = Debug|Any CPU
		{6455B4FE-5565-4085-810B-57F87EC737E0}.Debug|Any CPU.Build.0 = Debug|Any CPU
		{6455B4FE-5565-4085-810B-57F87EC737E0}.Release|Any CPU.ActiveCfg = Release|Any CPU
		{6455B4FE-5565-4085-810B-57F87EC737E0}.Release|Any CPU.Build.0 = Release|Any CPU
	EndGlobalSection
	GlobalSection(SolutionProperties) = preSolution
		HideSolutionNode = FALSE
	EndGlobalSection
	GlobalSection(ExtensibilityGlobals) = postSolution
		SolutionGuid = {EBEA8BD6-D764-4134-BA87-4A6D17058B0D}
	EndGlobalSection
EndGlobal
